
Microsoft Visual Studio Solution File, Format Version 12.00
# Visual Studio 2013
VisualStudioVersion = 12.0.31101.0
MinimumVisualStudioVersion = 10.0.40219.1
Project("{8BC9CEB8-8B4A-11D0-8D11-00A0C91BC942}") = "FastCap2", "FastCap2.vcxproj", "{DF1F9BD4-21C3-4F2D-840F-DC33E0F526CC}"
EndProject
Global
	GlobalSection(SolutionConfigurationPlatforms) = preSolution
		Debug|Win32 = Debug|Win32
		Debug|x64 = Debug|x64
		Release|Win32 = Release|Win32
		Release|x64 = Release|x64
	EndGlobalSection
	GlobalSection(ProjectConfigurationPlatforms) = postSolution
		{DF1F9BD4-21C3-4F2D-840F-DC33E0F526CC}.Debug|Win32.ActiveCfg = Debug|Win32
		{DF1F9BD4-21C3-4F2D-840F-DC33E0F526CC}.Debug|Win32.Build.0 = Debug|Win32
		{DF1F9BD4-21C3-4F2D-840F-DC33E0F526CC}.Debug|x64.ActiveCfg = Debug|x64
		{DF1F9BD4-21C3-4F2D-840F-DC33E0F526CC}.Debug|x64.Build.0 = Debug|x64
		{DF1F9BD4-21C3-4F2D-840F-DC33E0F526CC}.Release|Win32.ActiveCfg = Release|Win32
		{DF1F9BD4-21C3-4F2D-840F-DC33E0F526CC}.Release|Win32.Build.0 = Release|Win32
		{DF1F9BD4-21C3-4F2D-840F-DC33E0F526CC}.Release|x64.ActiveCfg = Release|x64
		{DF1F9BD4-21C3-4F2D-840F-DC33E0F526CC}.Release|x64.Build.0 = Release|x64
	EndGlobalSection
	GlobalSection(SolutionProperties) = preSolution
		HideSolutionNode = FALSE
	EndGlobalSection
EndGlobal
